Microsoft Visual Studio Solution File, Format Version 12.00
# Visual Studio Version 17
VisualStudioVersion = 17.5.2.0
MinimumVisualStudioVersion = 10.0.40219.1
Project("{2150E333-8FDC-42A3-9474-1A3956D46DE8}") = "My Notes", "My Notes", "{4FC71604-D030-B222-77F2-AFF3F0DBE423}"
EndProject
Project("{2150E333-8FDC-42A3-9474-1A3956D46DE8}") = "Section 11 - Docker Swarm Features and Applications", "Section 11 - Docker Swarm Features and Applications", "{B005AA97-966E-106C-EADD-7E9BF1C830B7}"
EndProject
Project("{2150E333-8FDC-42A3-9474-1A3956D46DE8}") = "example-voting-app", "example-voting-app", "{CE6F0229-61C8-D92E-F8F3-A12F313004E6}"
EndProject
Project("{FAE04EC0-301F-11D3-BF4B-00C04F79EFBC}") = "Worker", "My Notes\Section 11 - Docker Swarm Features and Applications\example-voting-app\worker\Worker.csproj", "{6D264DDB-576E-F716-50CE-7754C2749F63}"
EndProject
Global
	GlobalSection(SolutionConfigurationPlatforms) = preSolution
		Debug|Any CPU = Debug|Any CPU
		Release|Any CPU = Release|Any CPU
	EndGlobalSection
	GlobalSection(ProjectConfigurationPlatforms) = postSolution
		{6D264DDB-576E-F716-50CE-7754C2749F63}.Debug|Any CPU.ActiveCfg = Debug|Any CPU
		{6D264DDB-576E-F716-50CE-7754C2749F63}.Debug|Any CPU.Build.0 = Debug|Any CPU
		{6D264DDB-576E-F716-50CE-7754C2749F63}.Release|Any CPU.ActiveCfg = Release|Any CPU
		{6D264DDB-576E-F716-50CE-7754C2749F63}.Release|Any CPU.Build.0 = Release|Any CPU
	EndGlobalSection
	GlobalSection(SolutionProperties) = preSolution
		HideSolutionNode = FALSE
	EndGlobalSection
	GlobalSection(NestedProjects) = preSolution
		{B005AA97-966E-106C-EADD-7E9BF1C830B7} = {4FC71604-D030-B222-77F2-AFF3F0DBE423}
		{CE6F0229-61C8-D92E-F8F3-A12F313004E6} = {B005AA97-966E-106C-EADD-7E9BF1C830B7}
		{6D264DDB-576E-F716-50CE-7754C2749F63} = {CE6F0229-61C8-D92E-F8F3-A12F313004E6}
	EndGlobalSection
	GlobalSection(ExtensibilityGlobals) = postSolution
		SolutionGuid = {01618BC1-7451-4BE2-BD9A-7D533E855E42}
	EndGlobalSection
EndGlobal
